Microsoft Visual Studio Solution File, Format Version 12.00
# Visual Studio Version 17
VisualStudioVersion = 17.5.2.0
MinimumVisualStudioVersion = 10.0.40219.1
Project("{2150E333-8FDC-42A3-9474-1A3956D46DE8}") = "src", "src", "{827E0CD3-B72D-47B6-A68D-7590B98EB39B}"
EndProject
Project("{FAE04EC0-301F-11D3-BF4B-00C04F79EFBC}") = "qb-port-updater", "src\qb-port-updater.csproj", "{40BC7A24-2EDE-18AE-EAED-2E9C1D1659CA}"
EndProject
Global
	GlobalSection(SolutionConfigurationPlatforms) = preSolution
		Debug|Any CPU = Debug|Any CPU
		Release|Any CPU = Release|Any CPU
	EndGlobalSection
	GlobalSection(ProjectConfigurationPlatforms) = postSolution
		{40BC7A24-2EDE-18AE-EAED-2E9C1D1659CA}.Debug|Any CPU.ActiveCfg = Debug|Any CPU
		{40BC7A24-2EDE-18AE-EAED-2E9C1D1659CA}.Debug|Any CPU.Build.0 = Debug|Any CPU
		{40BC7A24-2EDE-18AE-EAED-2E9C1D1659CA}.Release|Any CPU.ActiveCfg = Release|Any CPU
		{40BC7A24-2EDE-18AE-EAED-2E9C1D1659CA}.Release|Any CPU.Build.0 = Release|Any CPU
	EndGlobalSection
	GlobalSection(SolutionProperties) = preSolution
		HideSolutionNode = FALSE
	EndGlobalSection
	GlobalSection(NestedProjects) = preSolution
		{40BC7A24-2EDE-18AE-EAED-2E9C1D1659CA} = {827E0CD3-B72D-47B6-A68D-7590B98EB39B}
	EndGlobalSection
	GlobalSection(ExtensibilityGlobals) = postSolution
		SolutionGuid = {3D1C78CD-B7E8-4F9C-9647-F2A994EE0CC1}
	EndGlobalSection
EndGlobal
